// !$*UTF8*$!
{
	archiveVersion = 1;
	classes = {
	};
	objectVersion = 56;
	objects = {

/* Begin PBXBuildFile section */
		041C8FEF2BA1ADB300A18423 /* AppDelegate.swift in Sources */ = {isa = PBXBuildFile; fileRef = 041C8FEE2BA1ADB300A18423 /* AppDelegate.swift */; };
		041C8FF12BA1ADB300A18423 /* SceneDelegate.swift in Sources */ = {isa = PBXBuildFile; fileRef = 041C8FF02BA1ADB300A18423 /* SceneDelegate.swift */; };
		041C8FF32BA1ADB300A18423 /* ViewController.swift in Sources */ = {isa = PBXBuildFile; fileRef = 041C8FF22BA1ADB300A18423 /* ViewController.swift */; };
		041C8FF62BA1ADB300A18423 /* Base in Resources */ = {isa = PBXBuildFile; fileRef = 041C8FF52BA1ADB300A18423 /* Base */; };
		041C8FF82BA1ADB400A18423 /* Assets.xcassets in Resources */ = {isa = PBXBuildFile; fileRef = 041C8FF72BA1ADB400A18423 /* Assets.xcassets */; };
		041C8FFB2BA1ADB400A18423 /* Base in Resources */ = {isa = PBXBuildFile; fileRef = 041C8FFA2BA1ADB400A18423 /* Base */; };
		041C90032BA1AE2400A18423 /* GoogleService-Info.plist in Resources */ = {isa = PBXBuildFile; fileRef = 041C90022BA1AE2400A18423 /* GoogleService-Info.plist */; };
		041C90062BA1AE8C00A18423 /* FirebaseAnalytics in Frameworks */ = {isa = PBXBuildFile; productRef = 041C90052BA1AE8C00A18423 /* FirebaseAnalytics */; };
		041C90082BA1AE8C00A18423 /* FirebaseAuth in Frameworks */ = {isa = PBXBuildFile; productRef = 041C90072BA1AE8C00A18423 /* FirebaseAuth */; };
		041C900A2BA1AE8C00A18423 /* FirebaseFirestore in Frameworks */ = {isa = PBXBuildFile; productRef = 041C90092BA1AE8C00A18423 /* FirebaseFirestore */; };
		041C900C2BA1AE8C00A18423 /* FirebaseStorage in Frameworks */ = {isa = PBXBuildFile; productRef = 041C900B2BA1AE8C00A18423 /* FirebaseStorage */; };
		0425068C2BA2DC5F00DD2E89 /* FeedViewController.swift in Sources */ = {isa = PBXBuildFile; fileRef = 0425068B2BA2DC5F00DD2E89 /* FeedViewController.swift */; };
		0425068E2BA2DC7400DD2E89 /* UploadViewController.swift in Sources */ = {isa = PBXBuildFile; fileRef = 0425068D2BA2DC7400DD2E89 /* UploadViewController.swift */; };
		042506902BA2DC8400DD2E89 /* SettingsViewController.swift in Sources */ = {isa = PBXBuildFile; fileRef = 0425068F2BA2DC8400DD2E89 /* SettingsViewController.swift */; };
/* End PBXBuildFile section */

/* Begin PBXFileReference section */
		041C8FEB2BA1ADB300A18423 /* InstagramClone.app */ = {isa = PBXFileReference; explicitFileType = wrapper.application; includeInIndex = 0; path = InstagramClone.app; sourceTree = BUILT_PRODUCTS_DIR; };
		041C8FEE2BA1ADB300A18423 /* AppDelegate.swift */ = {isa = PBXFileReference; lastKnownFileType = sourcecode.swift; path = AppDelegate.swift; sourceTree = "<group>"; };
		041C8FF02BA1ADB300A18423 /* SceneDelegate.swift */ = {isa = PBXFileReference; lastKnownFileType = sourcecode.swift; path = SceneDelegate.swift; sourceTree = "<group>"; };
		041C8FF22BA1ADB300A18423 /* ViewController.swift */ = {isa = PBXFileReference; lastKnownFileType = sourcecode.swift; path = ViewController.swift; sourceTree = "<group>"; };
		041C8FF52BA1ADB300A18423 /* Base */ = {isa = PBXFileReference; lastKnownFileType = file.storyboard; name = Base; path = Base.lproj/Main.storyboard; sourceTree = "<group>"; };
		041C8FF72BA1ADB400A18423 /* Assets.xcassets */ = {isa = PBXFileReference; lastKnownFileType = folder.assetcatalog; path = Assets.xcassets; sourceTree = "<group>"; };
		041C8FFA2BA1ADB400A18423 /* Base */ = {isa = PBXFileReference; lastKnownFileType = file.storyboard; name = Base; path = Base.lproj/LaunchScreen.storyboard; sourceTree = "<group>"; };
		041C8FFC2BA1ADB400A18423 /* Info.plist */ = {isa = PBXFileReference; lastKnownFileType = text.plist.xml; path = Info.plist; sourceTree = "<group>"; };
		041C90022BA1AE2400A18423 /* GoogleService-Info.plist */ = {isa = PBXFileReference; fileEncoding = 4; lastKnownFileType = text.plist.xml; path = "GoogleService-Info.plist"; sourceTree = "<group>"; };
		0425068B2BA2DC5F00DD2E89 /* FeedViewController.swift */ = {isa = PBXFileReference; lastKnownFileType = sourcecode.swift; path = FeedViewController.swift; sourceTree = "<group>"; };
		0425068D2BA2DC7400DD2E89 /* UploadViewController.swift */ = {isa = PBXFileReference; lastKnownFileType = sourcecode.swift; path = UploadViewController.swift; sourceTree = "<group>"; };
		0425068F2BA2DC8400DD2E89 /* SettingsViewController.swift */ = {isa = PBXFileReference; lastKnownFileType = sourcecode.swift; path = SettingsViewController.swift; sourceTree = "<group>"; };
/* End PBXFileReference section */

/* Begin PBXFrameworksBuildPhase section */
		041C8FE82BA1ADB300A18423 /* Frameworks */ = {
			isa = PBXFrameworksBuildPhase;
			buildActionMask = 2147483647;
			files = (
				041C90062BA1AE8C00A18423 /* FirebaseAnalytics in Frameworks */,
				041C900C2BA1AE8C00A18423 /* FirebaseStorage in Frameworks */,
				041C90082BA1AE8C00A18423 /* FirebaseAuth in Frameworks */,
				041C900A2BA1AE8C00A18423 /* FirebaseFirestore in Frameworks */,
			);
			runOnlyForDeploymentPostprocessing = 0;
		};
/* End PBXFrameworksBuildPhase section */

/* Begin PBXGroup section */
		041C8FE22BA1ADB300A18423 = {
			isa = PBXGroup;
			children = (
				041C8FED2BA1ADB300A18423 /* InstagramClone */,
				041C8FEC2BA1ADB300A18423 /* Products */,
			);
			sourceTree = "<group>";
		};
		041C8FEC2BA1ADB300A18423 /* Products */ = {
			isa = PBXGroup;
			children = (
				041C8FEB2BA1ADB300A18423 /* InstagramClone.app */,
			);
			name = Products;
			sourceTree = "<group>";
		};
		041C8FED2BA1ADB300A18423 /* InstagramClone */ = {
			isa = PBXGroup;
			children = (
				041C8FEE2BA1ADB300A18423 /* AppDelegate.swift */,
				041C8FF02BA1ADB300A18423 /* SceneDelegate.swift */,
				041C8FF22BA1ADB300A18423 /* ViewController.swift */,
				0425068B2BA2DC5F00DD2E89 /* FeedViewController.swift */,
				0425068D2BA2DC7400DD2E89 /* UploadViewController.swift */,
				0425068F2BA2DC8400DD2E89 /* SettingsViewController.swift */,
				041C8FF42BA1ADB300A18423 /* Main.storyboard */,
				041C8FF72BA1ADB400A18423 /* Assets.xcassets */,
				041C8FF92BA1ADB400A18423 /* LaunchScreen.storyboard */,
				041C8FFC2BA1ADB400A18423 /* Info.plist */,
				041C90022BA1AE2400A18423 /* GoogleService-Info.plist */,
			);
			path = InstagramClone;
			sourceTree = "<group>";
		};
/* End PBXGroup section */

/* Begin PBXNativeTarget section */
		041C8FEA2BA1ADB300A18423 /* InstagramClone */ = {
			isa = PBXNativeTarget;
			buildConfigurationList = 041C8FFF2BA1ADB400A18423 /* Build configuration list for PBXNativeTarget "InstagramClone" */;
			buildPhases = (
				041C8FE72BA1ADB300A18423 /* Sources */,
				041C8FE82BA1ADB300A18423 /* Frameworks */,
				041C8FE92BA1ADB300A18423 /* Resources */,
			);
			buildRules = (
			);
			dependencies = (
			);
			name = InstagramClone;
			packageProductDependencies = (
				041C90052BA1AE8C00A18423 /* FirebaseAnalytics */,
				041C90072BA1AE8C00A18423 /* FirebaseAuth */,
				041C90092BA1AE8C00A18423 /* FirebaseFirestore */,
				041C900B2BA1AE8C00A18423 /* FirebaseStorage */,
			);
			productName = InstagramClone;
			productReference = 041C8FEB2BA1ADB300A18423 /* InstagramClone.app */;
			productType = "com.apple.product-type.application";
		};
/* End PBXNativeTarget section */

/* Begin PBXProject section */
		041C8FE32BA1ADB300A18423 /* Project object */ = {
			isa = PBXProject;
			attributes = {
				BuildIndependentTargetsInParallel = 1;
				LastSwiftUpdateCheck = 1530;
				LastUpgradeCheck = 1530;
				TargetAttributes = {
					041C8FEA2BA1ADB300A18423 = {
						CreatedOnToolsVersion = 15.3;
					};
				};
			};
			buildConfigurationList = 041C8FE62BA1ADB300A18423 /* Build configuration list for PBXProject "InstagramClone" */;
			compatibilityVersion = "Xcode 14.0";
			developmentRegion = en;
			hasScannedForEncodings = 0;
			knownRegions = (
				en,
				Base,
			);
			mainGroup = 041C8FE22BA1ADB300A18423;
			packageReferences = (
				041C90042BA1AE8C00A18423 /* XCRemoteSwiftPackageReference "firebase-ios-sdk" */,
			);
			productRefGroup = 041C8FEC2BA1ADB300A18423 /* Products */;
			projectDirPath = "";
			projectRoot = "";
			targets = (
				041C8FEA2BA1ADB300A18423 /* InstagramClone */,
			);
		};
/* End PBXProject section */

/* Begin PBXResourcesBuildPhase section */
		041C8FE92BA1ADB300A18423 /* Resources */ = {
			isa = PBXResourcesBuildPhase;
			buildActionMask = 2147483647;
			files = (
				041C8FF82BA1ADB400A18423 /* Assets.xcassets in Resources */,
				041C90032BA1AE2400A18423 /* GoogleService-Info.plist in Resources */,
				041C8FFB2BA1ADB400A18423 /* Base in Resources */,
				041C8FF62BA1ADB300A18423 /* Base in Resources */,
			);
			runOnlyForDeploymentPostprocessing = 0;
		};
/* End PBXResourcesBuildPhase section */

/* Begin PBXSourcesBuildPhase section */
		041C8FE72BA1ADB300A18423 /* Sources */ = {
			isa = PBXSourcesBuildPhase;
			buildActionMask = 2147483647;
			files = (
				041C8FF32BA1ADB300A18423 /* ViewController.swift in Sources */,
				0425068E2BA2DC7400DD2E89 /* UploadViewController.swift in Sources */,
				041C8FEF2BA1ADB300A18423 /* AppDelegate.swift in Sources */,
				0425068C2BA2DC5F00DD2E89 /* FeedViewController.swift in Sources */,
				041C8FF12BA1ADB300A18423 /* SceneDelegate.swift in Sources */,
				042506902BA2DC8400DD2E89 /* SettingsViewController.swift in Sources */,
			);
			runOnlyForDeploymentPostprocessing = 0;
		};
/* End PBXSourcesBuildPhase section */

/* Begin PBXVariantGroup section */
		041C8FF42BA1ADB300A18423 /* Main.storyboard */ = {
			isa = PBXVariantGroup;
			children = (
				041C8FF52BA1ADB300A18423 /* Base */,
			);
			name = Main.storyboard;
			sourceTree = "<group>";
		};
		041C8FF92BA1ADB400A18423 /* LaunchScreen.storyboard */ = {
			isa = PBXVariantGroup;
			children = (
				041C8FFA2BA1ADB400A18423 /* Base */,
			);
			name = LaunchScreen.storyboard;
			sourceTree = "<group>";
		};
/* End PBXVariantGroup section */

/* Begin XCBuildConfiguration section */
		041C8FFD2BA1ADB400A18423 /* Debug */ = {
			isa = XCBuildConfiguration;
			buildSettings = {
				ALWAYS_SEARCH_USER_PATHS = NO;
				ASSETCATALOG_COMPILER_GENERATE_SWIFT_ASSET_SYMBOL_EXTENSIONS = YES;
				CLANG_ANALYZER_NONNULL = YES;
				CLANG_ANALYZER_NUMBER_OBJECT_CONVERSION = YES_AGGRESSIVE;
				CLANG_CXX_LANGUAGE_STANDARD = "gnu++20";
				CLANG_ENABLE_MODULES = YES;
				CLANG_ENABLE_OBJC_ARC = YES;
				CLANG_ENABLE_OBJC_WEAK = YES;
				CLANG_WARN_BLOCK_CAPTURE_AUTORELEASING = YES;
				CLANG_WARN_BOOL_CONVERSION = YES;
				CLANG_WARN_COMMA = YES;
				CLANG_WARN_CONSTANT_CONVERSION = YES;
				CLANG_WARN_DEPRECATED_OBJC_IMPLEMENTATIONS = YES;
				CLANG_WARN_DIRECT_OBJC_ISA_USAGE = YES_ERROR;
				CLANG_WARN_DOCUMENTATION_COMMENTS = YES;
				CLANG_WARN_EMPTY_BODY = YES;
				CLANG_WARN_ENUM_CONVERSION = YES;
				CLANG_WARN_INFINITE_RECURSION = YES;
				CLANG_WARN_INT_CONVERSION = YES;
				CLANG_WARN_NON_LITERAL_NULL_CONVERSION = YES;
				CLANG_WARN_OBJC_IMPLICIT_RETAIN_SELF = YES;
				CLANG_WARN_OBJC_LITERAL_CONVERSION = YES;
				CLANG_WARN_OBJC_ROOT_CLASS = YES_ERROR;
				CLANG_WARN_QUOTED_INCLUDE_IN_FRAMEWORK_HEADER = YES;
				CLANG_WARN_RANGE_LOOP_ANALYSIS = YES;
				CLANG_WARN_STRICT_PROTOTYPES = YES;
				CLANG_WARN_SUSPICIOUS_MOVE = YES;
				CLANG_WARN_UNGUARDED_AVAILABILITY = YES_AGGRESSIVE;
				CLANG_WARN_UNREACHABLE_CODE = YES;
				CLANG_WARN__DUPLICATE_METHOD_MATCH = YES;
				COPY_PHASE_STRIP = NO;
				DEBUG_INFORMATION_FORMAT = dwarf;
				ENABLE_STRICT_OBJC_MSGSEND = YES;
				ENABLE_TESTABILITY = YES;
				ENABLE_USER_SCRIPT_SANDBOXING = YES;
				GCC_C_LANGUAGE_STANDARD = gnu17;
				GCC_DYNAMIC_NO_PIC = NO;
				GCC_NO_COMMON_BLOCKS = YES;
				GCC_OPTIMIZATION_LEVEL = 0;
				GCC_PREPROCESSOR_DEFINITIONS = (
					"DEBUG=1",
					"$(inherited)",
				);
				GCC_WARN_64_TO_32_BIT_CONVERSION = YES;
				GCC_WARN_ABOUT_RETURN_TYPE = YES_ERROR;
				GCC_WARN_UNDECLARED_SELECTOR = YES;
				GCC_WARN_UNINITIALIZED_AUTOS = YES_AGGRESSIVE;
				GCC_WARN_UNUSED_FUNCTION = YES;
				GCC_WARN_UNUSED_VARIABLE = YES;
				IPHONEOS_DEPLOYMENT_TARGET = 17.4;
				LOCALIZATION_PREFERS_STRING_CATALOGS = YES;
				MTL_ENABLE_DEBUG_INFO = INCLUDE_SOURCE;
				MTL_FAST_MATH = YES;
				ONLY_ACTIVE_ARCH = YES;
				SDKROOT = iphoneos;
				SWIFT_ACTIVE_COMPILATION_CONDITIONS = "DEBUG $(inherited)";
				SWIFT_OPTIMIZATION_LEVEL = "-Onone";
			};
			name = Debug;
		};
		041C8FFE2BA1ADB400A18423 /* Release */ = {
			isa = XCBuildConfiguration;
			buildSettings = {
				ALWAYS_SEARCH_USER_PATHS = NO;
				ASSETCATALOG_COMPILER_GENERATE_SWIFT_ASSET_SYMBOL_EXTENSIONS = YES;
				CLANG_ANALYZER_NONNULL = YES;
				CLANG_ANALYZER_NUMBER_OBJECT_CONVERSION = YES_AGGRESSIVE;
				CLANG_CXX_LANGUAGE_STANDARD = "gnu++20";
				CLANG_ENABLE_MODULES = YES;
				CLANG_ENABLE_OBJC_ARC = YES;
				CLANG_ENABLE_OBJC_WEAK = YES;
				CLANG_WARN_BLOCK_CAPTURE_AUTORELEASING = YES;
				CLANG_WARN_BOOL_CONVERSION = YES;
				CLANG_WARN_COMMA = YES;
				CLANG_WARN_CONSTANT_CONVERSION = YES;
				CLANG_WARN_DEPRECATED_OBJC_IMPLEMENTATIONS = YES;
				CLANG_WARN_DIRECT_OBJC_ISA_USAGE = YES_ERROR;
				CLANG_WARN_DOCUMENTATION_COMMENTS = YES;
				CLANG_WARN_EMPTY_BODY = YES;
				CLANG_WARN_ENUM_CONVERSION = YES;
				CLANG_WARN_INFINITE_RECURSION = YES;
				CLANG_WARN_INT_CONVERSION = YES;
				CLANG_WARN_NON_LITERAL_NULL_CONVERSION = YES;
				CLANG_WARN_OBJC_IMPLICIT_RETAIN_SELF = YES;
				CLANG_WARN_OBJC_LITERAL_CONVERSION = YES;
				CLANG_WARN_OBJC_ROOT_CLASS = YES_ERROR;
				CLANG_WARN_QUOTED_INCLUDE_IN_FRAMEWORK_HEADER = YES;
				CLANG_WARN_RANGE_LOOP_ANALYSIS = YES;
				CLANG_WARN_STRICT_PROTOTYPES = YES;
				CLANG_WARN_SUSPICIOUS_MOVE = YES;
				CLANG_WARN_UNGUARDED_AVAILABILITY = YES_AGGRESSIVE;
				CLANG_WARN_UNREACHABLE_CODE = YES;
				CLANG_WARN__DUPLICATE_METHOD_MATCH = YES;
				COPY_PHASE_STRIP = NO;
				DEBUG_INFORMATION_FORMAT = "dwarf-with-dsym";
				ENABLE_NS_ASSERTIONS = NO;
				ENABLE_STRICT_OBJC_MSGSEND = YES;
				ENABLE_USER_SCRIPT_SANDBOXING = YES;
				GCC_C_LANGUAGE_STANDARD = gnu17;
				GCC_NO_COMMON_BLOCKS = YES;
				GCC_WARN_64_TO_32_BIT_CONVERSION = YES;
				GCC_WARN_ABOUT_RETURN_TYPE = YES_ERROR;
				GCC_WARN_UNDECLARED_SELECTOR = YES;
				GCC_WARN_UNINITIALIZED_AUTOS = YES_AGGRESSIVE;
				GCC_WARN_UNUSED_FUNCTION = YES;
				GCC_WARN_UNUSED_VARIABLE = YES;
				IPHONEOS_DEPLOYMENT_TARGET = 17.4;
				LOCALIZATION_PREFERS_STRING_CATALOGS = YES;
				MTL_ENABLE_DEBUG_INFO = NO;
				MTL_FAST_MATH = YES;
				SDKROOT = iphoneos;
				SWIFT_COMPILATION_MODE = wholemodule;
				VALIDATE_PRODUCT = YES;
			};
			name = Release;
		};
		041C90002BA1ADB400A18423 /* Debug */ = {
			isa = XCBuildConfiguration;
			buildSettings = {
				ASSETCATALOG_COMPILER_APPICON_NAME = AppIcon;
				ASSETCATALOG_COMPILER_GLOBAL_ACCENT_COLOR_NAME = AccentColor;
				CODE_SIGN_STYLE = Automatic;
				CURRENT_PROJECT_VERSION = 1;
				DEVELOPMENT_TEAM = 9J86PAFJNS;
				GENERATE_INFOPLIST_FILE = YES;
				INFOPLIST_FILE = InstagramClone/Info.plist;
				INFOPLIST_KEY_UIApplicationSupportsIndirectInputEvents = YES;
				INFOPLIST_KEY_UILaunchStoryboardName = LaunchScreen;
				INFOPLIST_KEY_UIMainStoryboardFile = Main;
				INFOPLIST_KEY_UISupportedInterfaceOrientations_iPad = "UIInterfaceOrientationPortrait UIInterfaceOrientationPortraitUpsideDown UIInterfaceOrientationLandscapeLeft UIInterfaceOrientationLandscapeRight";
				INFOPLIST_KEY_UISupportedInterfaceOrientations_iPhone = "UIInterfaceOrientationPortrait UIInterfaceOrientationLandscapeLeft UIInterfaceOrientationLandscapeRight";
				LD_RUNPATH_SEARCH_PATHS = (
					"$(inherited)",
					"@executable_path/Frameworks",
				);
				MARKETING_VERSION = 1.0;
				PRODUCT_BUNDLE_IDENTIFIER = DKJ.InstagramClone;
				PRODUCT_NAME = "$(TARGET_NAME)";
				SWIFT_EMIT_LOC_STRINGS = YES;
				SWIFT_VERSION = 5.0;
				TARGETED_DEVICE_FAMILY = "1,2";
			};
			name = Debug;
		};
		041C90012BA1ADB400A18423 /* Release */ = {
			isa = XCBuildConfiguration;
			buildSettings = {
				ASSETCATALOG_COMPILER_APPICON_NAME = AppIcon;
				ASSETCATALOG_COMPILER_GLOBAL_ACCENT_COLOR_NAME = AccentColor;
				CODE_SIGN_STYLE = Automatic;
				CURRENT_PROJECT_VERSION = 1;
				DEVELOPMENT_TEAM = 9J86PAFJNS;
				GENERATE_INFOPLIST_FILE = YES;
				INFOPLIST_FILE = InstagramClone/Info.plist;
				INFOPLIST_KEY_UIApplicationSupportsIndirectInputEvents = YES;
				INFOPLIST_KEY_UILaunchStoryboardName = LaunchScreen;
				INFOPLIST_KEY_UIMainStoryboardFile = Main;
				INFOPLIST_KEY_UISupportedInterfaceOrientations_iPad = "UIInterfaceOrientationPortrait UIInterfaceOrientationPortraitUpsideDown UIInterfaceOrientationLandscapeLeft UIInterfaceOrientationLandscapeRight";
				INFOPLIST_KEY_UISupportedInterfaceOrientations_iPhone = "UIInterfaceOrientationPortrait UIInterfaceOrientationLandscapeLeft UIInterfaceOrientationLandscapeRight";
				LD_RUNPATH_SEARCH_PATHS = (
					"$(inherited)",
					"@executable_path/Frameworks",
				);
				MARKETING_VERSION = 1.0;
				PRODUCT_BUNDLE_IDENTIFIER = DKJ.InstagramClone;
				PRODUCT_NAME = "$(TARGET_NAME)";
				SWIFT_EMIT_LOC_STRINGS = YES;
				SWIFT_VERSION = 5.0;
				TARGETED_DEVICE_FAMILY = "1,2";
			};
			name = Release;
		};
/* End XCBuildConfiguration section */

/* Begin XCConfigurationList section */
		041C8FE62BA1ADB300A18423 /* Build configuration list for PBXProject "InstagramClone" */ = {
			isa = XCConfigurationList;
			buildConfigurations = (
				041C8FFD2BA1ADB400A18423 /* Debug */,
				041C8FFE2BA1ADB400A18423 /* Release */,
			);
			defaultConfigurationIsVisible = 0;
			defaultConfigurationName = Release;
		};
		041C8FFF2BA1ADB400A18423 /* Build configuration list for PBXNativeTarget "InstagramClone" */ = {
			isa = XCConfigurationList;
			buildConfigurations = (
				041C90002BA1ADB400A18423 /* Debug */,
				041C90012BA1ADB400A18423 /* Release */,
			);
			defaultConfigurationIsVisible = 0;
			defaultConfigurationName = Release;
		};
/* End XCConfigurationList section */

/* Begin XCRemoteSwiftPackageReference section */
		041C90042BA1AE8C00A18423 /* XCRemoteSwiftPackageReference "firebase-ios-sdk" */ = {
			isa = XCRemoteSwiftPackageReference;
			repositoryURL = "https://github.com/firebase/firebase-ios-sdk";
			requirement = {
				kind = upToNextMajorVersion;
				minimumVersion = 10.22.1;
			};
		};
/* End XCRemoteSwiftPackageReference section */

/* Begin XCSwiftPackageProductDependency section */
		041C90052BA1AE8C00A18423 /* FirebaseAnalytics */ = {
			isa = XCSwiftPackageProductDependency;
			package = 041C90042BA1AE8C00A18423 /* XCRemoteSwiftPackageReference "firebase-ios-sdk" */;
			productName = FirebaseAnalytics;
		};
		041C90072BA1AE8C00A18423 /* FirebaseAuth */ = {
			isa = XCSwiftPackageProductDependency;
			package = 041C90042BA1AE8C00A18423 /* XCRemoteSwiftPackageReference "firebase-ios-sdk" */;
			productName = FirebaseAuth;
		};
		041C90092BA1AE8C00A18423 /* FirebaseFirestore */ = {
			isa = XCSwiftPackageProductDependency;
			package = 041C90042BA1AE8C00A18423 /* XCRemoteSwiftPackageReference "firebase-ios-sdk" */;
			productName = FirebaseFirestore;
		};
		041C900B2BA1AE8C00A18423 /* FirebaseStorage */ = {
			isa = XCSwiftPackageProductDependency;
			package = 041C90042BA1AE8C00A18423 /* XCRemoteSwiftPackageReference "firebase-ios-sdk" */;
			productName = FirebaseStorage;
		};
/* End XCSwiftPackageProductDependency section */
	};
	rootObject = 041C8FE32BA1ADB300A18423 /* Project object */;
}
